github.com/BurntSushi/toml v0.3.1/go.mod h1:xHWCNGjB5oqiDr8zfno3MHue2Ht5sIBksp03qcyfWMU=
github.com/aws/aws-lambda-go v1.13.3 h1:SuCy7H3NLyp+1Mrfp+m80jcbi9KYWAs9/BXwppwRDzY=
github.com/aws/aws-lambda-go v1.13.3/go.mod h1:4UKl9IzQMoD+QF79YdCuzCwp8VbmG4VAQwij/eHl5CU=
github.com/aws/aws-lambda-go v1.14.0 h1:kTr1VPabIgJsMVzHuZpNhs/5RR46LU6wyWUiHxtb3ag=
github.com/aws/aws-lambda-go v1.14.0/go.mod h1:4UKl9IzQMoD+QF79YdCuzCwp8VbmG4VAQwij/eHl5CU=
github.com/aws/aws-sdk-go v1.28.1 h1:aWBD5EJrmGFuHFn9ZdaHqWWZGZYQ5Gzb3j9G0RppLpY=
github.com/aws/aws-sdk-go v1.28.1/go.mod h1:KmX6BPdI08NWTb3/sm4ZGu5ShLoqVDhKgpiN924inxo=
github.com/aws/aws-sdk-go v1.28.2 h1:j5IXG9CdyLfcVfICqo1PXVv+rua+QQHbkXuvuU/JF+8=
github.com/aws/aws-sdk-go v1.28.2/go.mod h1:KmX6BPdI08NWTb3/sm4ZGu5ShLoqVDhKgpiN924inxo=
github.com/aws/aws-sdk-go v1.28.3 h1:FnkDp+fz4JHWUW3Ust2Wh89RpdGif077Wjis/sMrGKM=
github.com/aws/aws-sdk-go v1.28.3/go.mod h1:KmX6BPdI08NWTb3/sm4ZGu5ShLoqVDhKgpiN924inxo=
github.com/aws/aws-sdk-go v1.28.4 h1:LMGtba0y+VeepMzjz1HLie6bcgvZd7mLDxY1axBeFq8=
github.com/aws/aws-sdk-go v1.28.4/go.mod h1:KmX6BPdI08NWTb3/sm4ZGu5ShLoqVDhKgpiN924inxo=
github.com/aws/aws-sdk-go v1.28.5 h1:yYeWPM8w5FoIj3Lo0BDZxRyDpTveKTq/qvnIEPBnev8=
github.com/aws/aws-sdk-go v1.28.5/go.mod h1:KmX6BPdI08NWTb3/sm4ZGu5ShLoqVDhKgpiN924inxo=
github.com/aws/aws-sdk-go v1.28.6 h1:GUbRiuJnFDA6hQw+jK1oQyONVMO5U1EjRdrfSxfONC4=
github.com/aws/aws-sdk-go v1.28.6/go.mod h1:KmX6BPdI08NWTb3/sm4ZGu5ShLoqVDhKgpiN924inxo=
github.com/aws/aws-sdk-go v1.28.7 h1:8RUfzsEmyXR8a9G7o2snfUKwrSuqks/k4C7TIfXDDrY=
github.com/aws/aws-sdk-go v1.28.7/go.mod h1:KmX6BPdI08NWTb3/sm4ZGu5ShLoqVDhKgpiN924inxo=
github.com/aws/aws-sdk-go v1.28.8 h1:kPGnElMdW0GDc54Giy1lcE/3gAr2Gzl6cMjYKoBNFhw=
github.com/aws/aws-sdk-go v1.28.8/go.mod h1:KmX6BPdI08NWTb3/sm4ZGu5ShLoqVDhKgpiN924inxo=
github.com/aws/aws-sdk-go v1.28.9 h1:grIuBQc+p3dTRXerh5+2OxSuWFi0iXuxbFdTSg0jaW0=
github.com/aws/aws-sdk-go v1.28.9/go.mod h1:KmX6BPdI08NWTb3/sm4ZGu5ShLoqVDhKgpiN924inxo=
github.com/aws/aws-sdk-go v1.28.10 h1:uPaHYQWRXgI9ZrGrM6rkrHxkJOmI9orcvsTRhJXwX4I=
github.com/aws/aws-sdk-go v1.28.10/go.mod h1:KmX6BPdI08NWTb3/sm4ZGu5ShLoqVDhKgpiN924inxo=
github.com/aws/aws-sdk-go v1.28.11 h1:L2G5qI91s51cUP3hJli4mXRIZZ3alZHcwHWOJdMclKk=
github.com/aws/aws-sdk-go v1.28.11/go.mod h1:KmX6BPdI08NWTb3/sm4ZGu5ShLoqVDhKgpiN924inxo=
github.com/aws/aws-sdk-go v1.28.12 h1:VeTvzq8Wy89P+1YjtsBpB/SlHhec/U9bpY2ux4hZ1I0=
github.com/aws/aws-sdk-go v1.28.12/go.mod h1:KmX6BPdI08NWTb3/sm4ZGu5ShLoqVDhKgpiN924inxo=
github.com/aws/aws-sdk-go v1.28.13 h1:JyCQQ86yil3hg7MtWdNH8Pbcgx92qlUV2v22Km63Mf4=
github.com/aws/aws-sdk-go v1.28.13/go.mod h1:KmX6BPdI08NWTb3/sm4ZGu5ShLoqVDhKgpiN924inxo=
github.com/aws/aws-sdk-go v1.28.14 h1:ZeFS5GVtsJMZ0TBJ5n4HYwB/4MpY0hWkRthNNZkIzNo=
github.com/aws/aws-sdk-go v1.28.14/go.mod h1:KmX6BPdI08NWTb3/sm4ZGu5ShLoqVDhKgpiN924inxo=
github.com/aws/aws-sdk-go v1.29.0 h1:UFxrMQhDyLak6kVtOcr4PZxNRQV0s7pY/vKAyzRvi8c=
github.com/aws/aws-sdk-go v1.29.0/go.mod h1:1KvfttTE3SPKMpo8g2c6jL3ZKfXtFvKscTgahTma5Xg=
github.com/aws/aws-sdk-go v1.29.1 h1:U2vZ5WprhGAMjzb4bKVzl2QecUtZFW2BXVqa5bnd+OY=
github.com/aws/aws-sdk-go v1.29.1/go.mod h1:1KvfttTE3SPKMpo8g2c6jL3ZKfXtFvKscTgahTma5Xg=
github.com/aws/aws-sdk-go v1.29.2 h1:muUfu006FBFvEaDzt4Wq6Ng9E7ufedf8zrB4hmY65QA=
github.com/aws/aws-sdk-go v1.29.2/go.mod h1:1KvfttTE3SPKMpo8g2c6jL3ZKfXtFvKscTgahTma5Xg=
github.com/aws/aws-sdk-go v1.29.3 h1:yvEwt1IvgiWpWWayQBQHCK0knTmHKyI7FCrliOV5Pd8=
github.com/aws/aws-sdk-go v1.29.3/go.mod h1:1KvfttTE3SPKMpo8g2c6jL3ZKfXtFvKscTgahTma5Xg=
github.com/aws/aws-sdk-go v1.29.4 h1:w3O/LGvLCliVFJ2fGrpaWDGbRHj1f+aipB1MMfInN24=
github.com/aws/aws-sdk-go v1.29.4/go.mod h1:1KvfttTE3SPKMpo8g2c6jL3ZKfXtFvKscTgahTma5Xg=
github.com/aws/aws-sdk-go v1.29.5 h1:PddgnlgWgNI6x/weTnfk1fGYkhcs363gieDzK+Cf91Q=
github.com/aws/aws-sdk-go v1.29.5/go.mod h1:1KvfttTE3SPKMpo8g2c6jL3ZKfXtFvKscTgahTma5Xg=
github.com/aws/aws-sdk-go v1.29.6 h1:NOIdEZzUjGh4LMEJUoc7N5yABulYFsKYZp/26NUDEFM=
github.com/aws/aws-sdk-go v1.29.6/go.mod h1:1KvfttTE3SPKMpo8g2c6jL3ZKfXtFvKscTgahTma5Xg=
github.com/aws/aws-sdk-go v1.29.7 h1:mwe1Bls/BsB3hB3I9CtUIWSpe1u3wdPcwdvtD9lkzsU=
github.com/aws/aws-sdk-go v1.29.7/go.mod h1:1KvfttTE3SPKMpo8g2c6jL3ZKfXtFvKscTgahTma5Xg=
github.com/aws/aws-sdk-go v1.29.8 h1:Kma1ikL7MHs/XH5Q4Aqj53AAhgttW6UFykc8Qj16HGo=
github.com/aws/aws-sdk-go v1.29.8/go.mod h1:1KvfttTE3SPKMpo8g2c6jL3ZKfXtFvKscTgahTma5Xg=
github.com/aws/aws-sdk-go v1.29.9 h1:PHq9ddjfZYfCOXyqHKiCZ1CHRAk7nXhV7WTqj5l+bmQ=
github.com/aws/aws-sdk-go v1.29.9/go.mod h1:1KvfttTE3SPKMpo8g2c6jL3ZKfXtFvKscTgahTma5Xg=
github.com/aws/aws-sdk-go v1.29.10 h1:QJOQq1xNmdrY5mXUmC8CHXzZPve8134Bx/Ux0o6s38s=
github.com/aws/aws-sdk-go v1.29.10/go.mod h1:1KvfttTE3SPKMpo8g2c6jL3ZKfXtFvKscTgahTma5Xg=
github.com/aws/aws-sdk-go v1.29.11 h1:f1QJRPu30p0i1lzKhkSSaZFudFGCra2HKgdE442nN6c=
github.com/aws/aws-sdk-go v1.29.11/go.mod h1:1KvfttTE3SPKMpo8g2c6jL3ZKfXtFvKscTgahTma5Xg=
github.com/aws/aws-sdk-go v1.29.12 h1:V2Z0/kQZsogK/KqkGkgcbcFh1pH7fhXWY+6aTty2G3k=
github.com/aws/aws-sdk-go v1.29.12/go.mod h1:1KvfttTE3SPKMpo8g2c6jL3ZKfXtFvKscTgahTma5Xg=
github.com/bugfixes/agent v0.0.0-20200105221823-df110d51c6b3 h1:8BUenHE/6d1FfmSR22zLt5MUdc8oe7/YxrG6s6eaqPM=
github.com/bugfixes/agent v0.0.0-20200105221823-df110d51c6b3/go.mod h1:1tBZ9nrSTvNsHxXA3yrM4WkCbjBYWEB7KvRD7kMpD1E=
github.com/cpuguy83/go-md2man/v2 v2.0.0-20190314233015-f79a8a8ca69d/go.mod h1:maD7wRr/U5Z6m/iR4s+kqSMx2CaBsrgA7czyZG/E6dU=
github.com/davecgh/go-spew v1.1.0 h1:ZDRjVQ15GmhC3fiQ8ni8+OwkZQO4DARzQgrnXU1Liz8=
github.com/davecgh/go-spew v1.1.0/go.mod h1:J7Y8YcW2NihsgmVo/mv3lAwl/skON4iLHjSsI+c5H38=
github.com/go-sql-driver/mysql v1.5.0/go.mod h1:DCzpHaOWr8IXmIStZouvnhqoel9Qv2LBy8hT2VhHyBg=
github.com/jmespath/go-jmespath v0.0.0-20180206201540-c2b33e8439af h1:pmfjZENx5imkbgOkpRUYLnmbU7UEFbjtDA2hxJ1ichM=
github.com/jmespath/go-jmespath v0.0.0-20180206201540-c2b33e8439af/go.mod h1:Nht3zPeWKUH0NzdCt2Blrr5ys8VGpn0CEB0cQHVjt7k=
github.com/joho/godotenv v1.3.0 h1:Zjp+RcGpHhGlrMbJzXTrZZPrWj+1vfm90La1wgB6Bhc=
github.com/joho/godotenv v1.3.0/go.mod h1:7hK45KPybAkOC6peb+G5yklZfMxEjkZhHbwpqxOKXbg=
github.com/lib/pq v1.3.0 h1:/qkRGz8zljWiDcFvgpwUpwIAPu3r07TDvs3Rws+o/pU=
github.com/lib/pq v1.3.0/go.mod h1:5WUZQaWbwv1U+lTReE5YruASi9Al49XbQIvNi/34Woo=
github.com/pkg/errors v0.9.1/go.mod h1:bwawxfHBFNV+L2hUp1rHADufV3IMtnDRdf1r5NINEl0=
github.com/pmezard/go-difflib v1.0.0 h1:4DBwDE0NGyQoBHbLQYPwSUPoCMWR5BEzIk/f1lZbAQM=
github.com/pmezard/go-difflib v1.0.0/go.mod h1:iKH77koFhYxTK1pcRnkKkqfTogsbg7gZNVY4sRDYZ/4=
github.com/russross/blackfriday/v2 v2.0.1/go.mod h1:+Rmxgy9KzJVeS9/2gXHxylqXiyQDYRxCVz55jmeOWTM=
github.com/satori/go.uuid v1.2.0 h1:0uYX9dsZ2yD7q2RtLRtPSdGDWzjeM3TbMJP9utgA0ww=
github.com/satori/go.uuid v1.2.0/go.mod h1:dA0hQrYB0VpLJoorglMZABFdXlWrHn1NEOzdhQKdks0=
github.com/shurcooL/sanitized_anchor_name v1.0.0/go.mod h1:1NzhyTcUVG4SuEtjjoZeVRXNmyL/1OwPU0+IJeTBvfc=
github.com/stretchr/objx v0.1.0 h1:4G4v2dO3VZwixGIRoQ5Lfboy6nUhCyYzaqnIAPPhYs4=
github.com/stretchr/objx v0.1.0/go.mod h1:HFkY916IF+rwdDfMAkV7OtwuqBVzrE8GR6GFx+wExME=
github.com/stretchr/testify v1.4.0 h1:2E4SXV/wtOkTonXsotYi4li6zVWxYlZuYNCXe9XRJyk=
github.com/stretchr/testify v1.4.0/go.mod h1:j7eGeouHqKxXV5pUuKE4zz7dFj8WfuZ+81PSLYec5m4=
github.com/stretchr/testify v1.5.0 h1:DMOzIV76tmoDNE9pX6RSN0aDtCYeCg5VueieJaAo1uw=
github.com/stretchr/testify v1.5.0/go.mod h1:5W2xD1RspED5o8YsWQXVCued0rvSQ+mT+I5cxcmMvtA=
github.com/stretchr/testify v1.5.1 h1:nOGnQDM7FYENwehXlg/kFVnos3rEvtKTjRvOWSzb6H4=
github.com/stretchr/testify v1.5.1/go.mod h1:5W2xD1RspED5o8YsWQXVCued0rvSQ+mT+I5cxcmMvtA=
github.com/urfave/cli v1.22.1/go.mod h1:Gos4lmkARVdJ6EkW0WaNv/tZAAMe9V7XWyB60NtXRu0=
golang.org/x/crypto v0.0.0-20190308221718-c2843e01d9a2/go.mod h1:djNgcEr1/C05ACkg1iLfiJU5Ep61QUkGW8qpdssI0+w=
golang.org/x/net v0.0.0-20200202094626-16171245cfb2/go.mod h1:z5CRVTTTmAJ677TzLLGU+0bjPO0LkuOLi4/5GtJWs/s=
golang.org/x/sys v0.0.0-20190215142949-d0b11bdaac8a/go.mod h1:STP8DvDyc/dI5b8T5hshtkjS+E42TnysNCUPdjciGhY=
golang.org/x/text v0.3.0/go.mod h1:NqM8EUOU14njkJ3fqMW+pc6Ldnwhi/IjpwHt7yyuwOQ=
gopkg.in/check.v1 v0.0.0-20161208181325-20d25e280405/go.mod h1:Co6ibVJAznAaIkqp8huTwlJQCZ016jof/cbN4VW5Yz0=
gopkg.in/yaml.v2 v2.2.2 h1:ZCJp+EgiOT7lHqUV2J862kp8Qj64Jo6az82+3Td9dZw=
gopkg.in/yaml.v2 v2.2.2/go.mod h1:hI93XBmqTisBFMUTm0b8Fm+jr3Dg1NNxqwp+5A1VGuI=
